
Microsoft Visual Studio Solution File, Format Version 12.00
# Visual Studio Version 16
VisualStudioVersion = 16.0.30413.136
MinimumVisualStudioVersion = 10.0.40219.1
Project("{FAE04EC0-301F-11D3-BF4B-00C04F79EFBC}") = "RaceSimulator", "RaceSimulator\RaceSimulator.csproj", "{EC024CEF-053C-4E1A-8C7F-B23B891609EC}"
EndProject
Project("{FAE04EC0-301F-11D3-BF4B-00C04F79EFBC}") = "Controller", "Controller\Controller.csproj", "{2C36BD45-5D6E-409B-98A6-705228811D58}"
EndProject
Project("{FAE04EC0-301F-11D3-BF4B-00C04F79EFBC}") = "Model", "Model\Model.csproj", "{B773C67E-7481-4152-9BCD-AC282E1CADDF}"
EndProject
Project("{FAE04EC0-301F-11D3-BF4B-00C04F79EFBC}") = "ControllerTest", "ControllerTest\ControllerTest.csproj", "{C1BC7656-A2A0-4DB2-8F74-095A4AC648BD}"
EndProject
Global
	GlobalSection(SolutionConfigurationPlatforms) = preSolution
		Debug|Any CPU = Debug|Any CPU
		Release|Any CPU = Release|Any CPU
	EndGlobalSection
	GlobalSection(ProjectConfigurationPlatforms) = postSolution
		{EC024CEF-053C-4E1A-8C7F-B23B891609EC}.Debug|Any CPU.ActiveCfg = Debug|Any CPU
		{EC024CEF-053C-4E1A-8C7F-B23B891609EC}.Debug|Any CPU.Build.0 = Debug|Any CPU
		{EC024CEF-053C-4E1A-8C7F-B23B891609EC}.Release|Any CPU.ActiveCfg = Release|Any CPU
		{EC024CEF-053C-4E1A-8C7F-B23B891609EC}.Release|Any CPU.Build.0 = Release|Any CPU
		{2C36BD45-5D6E-409B-98A6-705228811D58}.Debug|Any CPU.ActiveCfg = Debug|Any CPU
		{2C36BD45-5D6E-409B-98A6-705228811D58}.Debug|Any CPU.Build.0 = Debug|Any CPU
		{2C36BD45-5D6E-409B-98A6-705228811D58}.Release|Any CPU.ActiveCfg = Release|Any CPU
		{2C36BD45-5D6E-409B-98A6-705228811D58}.Release|Any CPU.Build.0 = Release|Any CPU
		{B773C67E-7481-4152-9BCD-AC282E1CADDF}.Debug|Any CPU.ActiveCfg = Debug|Any CPU
		{B773C67E-7481-4152-9BCD-AC282E1CADDF}.Debug|Any CPU.Build.0 = Debug|Any CPU
		{B773C67E-7481-4152-9BCD-AC282E1CADDF}.Release|Any CPU.ActiveCfg = Release|Any CPU
		{B773C67E-7481-4152-9BCD-AC282E1CADDF}.Release|Any CPU.Build.0 = Release|Any CPU
		{C1BC7656-A2A0-4DB2-8F74-095A4AC648BD}.Debug|Any CPU.ActiveCfg = Debug|Any CPU
		{C1BC7656-A2A0-4DB2-8F74-095A4AC648BD}.Debug|Any CPU.Build.0 = Debug|Any CPU
		{C1BC7656-A2A0-4DB2-8F74-095A4AC648BD}.Release|Any CPU.ActiveCfg = Release|Any CPU
		{C1BC7656-A2A0-4DB2-8F74-095A4AC648BD}.Release|Any CPU.Build.0 = Release|Any CPU
	EndGlobalSection
	GlobalSection(SolutionProperties) = preSolution
		HideSolutionNode = FALSE
	EndGlobalSection
	GlobalSection(ExtensibilityGlobals) = postSolution
		SolutionGuid = {08747B61-F592-417C-AFF4-94455AA69834}
	EndGlobalSection
EndGlobal
